
Microsoft Visual Studio Solution File, Format Version 12.00
# Visual Studio 15
VisualStudioVersion = 15.0.34112.143
MinimumVisualStudioVersion = 10.0.40219.1
Project("{FAE04EC0-301F-11D3-BF4B-00C04F79EFBC}") = "Car_NumerPlate", "Car_NumerPlate\Car_NumerPlate.csproj", "{5F7EC78A-C72E-42B1-8F14-57C93050DC4E}"
EndProject
Global
	GlobalSection(SolutionConfigurationPlatforms) = preSolution
		Debug|Any CPU = Debug|Any CPU
		Release|Any CPU = Release|Any CPU
	EndGlobalSection
	GlobalSection(ProjectConfigurationPlatforms) = postSolution
		{5F7EC78A-C72E-42B1-8F14-57C93050DC4E}.Debug|Any CPU.ActiveCfg = Debug|Any CPU
		{5F7EC78A-C72E-42B1-8F14-57C93050DC4E}.Debug|Any CPU.Build.0 = Debug|Any CPU
		{5F7EC78A-C72E-42B1-8F14-57C93050DC4E}.Release|Any CPU.ActiveCfg = Release|Any CPU
		{5F7EC78A-C72E-42B1-8F14-57C93050DC4E}.Release|Any CPU.Build.0 = Release|Any CPU
	EndGlobalSection
	GlobalSection(SolutionProperties) = preSolution
		HideSolutionNode = FALSE
	EndGlobalSection
	GlobalSection(ExtensibilityGlobals) = postSolution
		SolutionGuid = {6E89502A-7E4F-4AFC-B46D-F23283449DBF}
	EndGlobalSection
EndGlobal
